
Microsoft Visual Studio Solution File, Format Version 12.00
# Visual Studio 2015
Project("{FAE04EC0-301F-11D3-BF4B-00C04F79EFBC}") = "Sort.CSharp", "Sort.CSharp.csproj", "{B0E149DE-7C6F-62C1-B1B7-AB3518B58FEF}"
EndProject
Project("{FAE04EC0-301F-11D3-BF4B-00C04F79EFBC}") = "Sort.CSharp.Editor", "Sort.CSharp.Editor.csproj", "{641E51F7-F0F6-8B2A-1F99-C1FAFC825893}"
EndProject
Global
	GlobalSection(SolutionConfigurationPlatforms) = preSolution
		Debug|Any CPU = Debug|Any CPU
		Release|Any CPU = Release|Any CPU
	EndGlobalSection
	GlobalSection(ProjectConfigurationPlatforms) = postSolution
		{B0E149DE-7C6F-62C1-B1B7-AB3518B58FEF}.Debug|Any CPU.ActiveCfg = Debug|Any CPU
		{B0E149DE-7C6F-62C1-B1B7-AB3518B58FEF}.Debug|Any CPU.Build.0 = Debug|Any CPU
		{B0E149DE-7C6F-62C1-B1B7-AB3518B58FEF}.Release|Any CPU.ActiveCfg = Release|Any CPU
		{B0E149DE-7C6F-62C1-B1B7-AB3518B58FEF}.Release|Any CPU.Build.0 = Release|Any CPU
		{641E51F7-F0F6-8B2A-1F99-C1FAFC825893}.Debug|Any CPU.ActiveCfg = Debug|Any CPU
		{641E51F7-F0F6-8B2A-1F99-C1FAFC825893}.Debug|Any CPU.Build.0 = Debug|Any CPU
		{641E51F7-F0F6-8B2A-1F99-C1FAFC825893}.Release|Any CPU.ActiveCfg = Release|Any CPU
		{641E51F7-F0F6-8B2A-1F99-C1FAFC825893}.Release|Any CPU.Build.0 = Release|Any CPU
	EndGlobalSection
	GlobalSection(SolutionProperties) = preSolution
		HideSolutionNode = FALSE
	EndGlobalSection
EndGlobal
